{
  "name": "css",
  "version": "1.0.0",
  "lockfileVersion": 2,
  "requires": true,
  "packages": {
    "": {
      "dependencies": {
        "@takumi-hatta/design-tokens-test": "^0.0.1"
      }
    },
    "node_modules/@takumi-hatta/design-tokens-test": {
      "version": "0.0.1",
      "resolved": "https://registry.npmjs.org/@takumi-hatta/design-tokens-test/-/design-tokens-test-0.0.1.tgz",
      "integrity": "sha512-9SG96kKVIPHpXZpeOkYEHotHa85smmz+qqcJ4Zca3CKENRPispp9c4WtLBOLfR4LyRm8ONOQle05ZcfJ+op1pA==",
      "engines": {
        "node": ">=16.16.0"
      }
    }
  },
  "dependencies": {
    "@takumi-hatta/design-tokens-test": {
      "version": "0.0.1",
      "resolved": "https://registry.npmjs.org/@takumi-hatta/design-tokens-test/-/design-tokens-test-0.0.1.tgz",
      "integrity": "sha512-9SG96kKVIPHpXZpeOkYEHotHa85smmz+qqcJ4Zca3CKENRPispp9c4WtLBOLfR4LyRm8ONOQle05ZcfJ+op1pA=="
    }
  }
}
